schema: '2.0'
stages:
  prepare:
    cmd: python src/data/download.py
    deps:
    - path: src/data/download.py
      hash: md5
      md5: 616fe2eb924dac7f8295a34838c60638
      size: 1035
    outs:
    - path: data/raw
      hash: md5
      md5: 41dee78430cbebe25be9986bbb599d4a.dir
      size: 333757
      nfiles: 1
