schema: '2.0'
stages:
  download:
    cmd: python src/data/download.py
    deps:
    - path: src/data/download.py
      hash: md5
      md5: f5d21365498ad906a8c6a5323ce8aa0e
      size: 989
    outs:
    - path: data/raw
      hash: md5
      md5: 41dee78430cbebe25be9986bbb599d4a.dir
      size: 333757
      nfiles: 1
