schema: '2.0'
stages:
  prepare:
    cmd: python src/data/raw_data_download.py
    deps:
    - path: src/data/raw_data_download.py
      hash: md5
      md5: 1701741fe7ed2c2f2b4c4ab269405819
      size: 1040
    outs:
    - path: data/raw_data
      hash: md5
      md5: 41dee78430cbebe25be9986bbb599d4a.dir
      size: 333757
      nfiles: 1
